// !$*UTF8*$!
{
	archiveVersion = 1;
	classes = {
	};
	objectVersion = 50;
	objects = {

/* Begin PBXBuildFile section */
		4641B9B625C324480061340A /* SafetyApp2App.swift in Sources */ = {isa = PBXBuildFile; fileRef = 4641B9A325C324410061340A /* SafetyApp2App.swift */; };
		4641B9B725C324480061340A /* SafetyApp2App.swift in Sources */ = {isa = PBXBuildFile; fileRef = 4641B9A325C324410061340A /* SafetyApp2App.swift */; };
		4641B9BA25C324480061340A /* Assets.xcassets in Resources */ = {isa = PBXBuildFile; fileRef = 4641B9A525C324480061340A /* Assets.xcassets */; };
		4641B9BB25C324480061340A /* Assets.xcassets in Resources */ = {isa = PBXBuildFile; fileRef = 4641B9A525C324480061340A /* Assets.xcassets */; };
		4641B9CC25C326440061340A /* safetylocations.json in Resources */ = {isa = PBXBuildFile; fileRef = 4641B9CB25C326440061340A /* safetylocations.json */; };
		4641B9CD25C326440061340A /* safetylocations.json in Resources */ = {isa = PBXBuildFile; fileRef = 4641B9CB25C326440061340A /* safetylocations.json */; };
		4641BA0425C3B41C0061340A /* SafetyLocation.swift in Sources */ = {isa = PBXBuildFile; fileRef = 4641BA0325C3B41B0061340A /* SafetyLocation.swift */; };
		4641BA0525C3B41C0061340A /* SafetyLocation.swift in Sources */ = {isa = PBXBuildFile; fileRef = 4641BA0325C3B41B0061340A /* SafetyLocation.swift */; };
		4641BA0925C3B4AE0061340A /* LocationStore.swift in Sources */ = {isa = PBXBuildFile; fileRef = 4641BA0825C3B4AE0061340A /* LocationStore.swift */; };
		4641BA0A25C3B4AE0061340A /* LocationStore.swift in Sources */ = {isa = PBXBuildFile; fileRef = 4641BA0825C3B4AE0061340A /* LocationStore.swift */; };
		4641BA1425C3B6990061340A /* LocationDetail.swift in Sources */ = {isa = PBXBuildFile; fileRef = 4641BA1325C3B6990061340A /* LocationDetail.swift */; };
		4641BA1525C3B6990061340A /* LocationDetail.swift in Sources */ = {isa = PBXBuildFile; fileRef = 4641BA1325C3B6990061340A /* LocationDetail.swift */; };
		465AD08C25F1D89E004EAA78 /* HelpPage.swift in Sources */ = {isa = PBXBuildFile; fileRef = 465AD08B25F1D89E004EAA78 /* HelpPage.swift */; };
		465AD08D25F1D89E004EAA78 /* HelpPage.swift in Sources */ = {isa = PBXBuildFile; fileRef = 465AD08B25F1D89E004EAA78 /* HelpPage.swift */; };
		46A778D525CA690800E12F1B /* MapView.swift in Sources */ = {isa = PBXBuildFile; fileRef = 46A778D425CA690800E12F1B /* MapView.swift */; };
		46A778D625CA690800E12F1B /* MapView.swift in Sources */ = {isa = PBXBuildFile; fileRef = 46A778D425CA690800E12F1B /* MapView.swift */; };
		46AA84942623F71F00212C90 /* tips.json in Resources */ = {isa = PBXBuildFile; fileRef = 46AA84932623F71F00212C90 /* tips.json */; };
		46AA84952623F71F00212C90 /* tips.json in Resources */ = {isa = PBXBuildFile; fileRef = 46AA84932623F71F00212C90 /* tips.json */; };
		46AA84992623F93700212C90 /* Tip.swift in Sources */ = {isa = PBXBuildFile; fileRef = 46AA84982623F93700212C90 /* Tip.swift */; };
		46AA849A2623F93700212C90 /* Tip.swift in Sources */ = {isa = PBXBuildFile; fileRef = 46AA84982623F93700212C90 /* Tip.swift */; };
		46AA84A42623FF4800212C90 /* TipsStore.swift in Sources */ = {isa = PBXBuildFile; fileRef = 46AA84A32623FF4800212C90 /* TipsStore.swift */; };
		46AA84A52623FF4800212C90 /* TipsStore.swift in Sources */ = {isa = PBXBuildFile; fileRef = 46AA84A32623FF4800212C90 /* TipsStore.swift */; };
		46EB3EDB25F931C0001C07DA /* LocationManager.swift in Sources */ = {isa = PBXBuildFile; fileRef = 46EB3EDA25F931C0001C07DA /* LocationManager.swift */; };
		46EB3EDC25F931C0001C07DA /* LocationManager.swift in Sources */ = {isa = PBXBuildFile; fileRef = 46EB3EDA25F931C0001C07DA /* LocationManager.swift */; };
/* End PBXBuildFile section */

/* Begin PBXFileReference section */
		4641B9A325C324410061340A /* SafetyApp2App.swift */ = {isa = PBXFileReference; lastKnownFileType = sourcecode.swift; path = SafetyApp2App.swift; sourceTree = "<group>"; };
		4641B9A525C324480061340A /* Assets.xcassets */ = {isa = PBXFileReference; lastKnownFileType = folder.assetcatalog; path = Assets.xcassets; sourceTree = "<group>"; };
		4641B9AA25C324480061340A /* SafetyApp2.app */ = {isa = PBXFileReference; explicitFileType = wrapper.application; includeInIndex = 0; path = SafetyApp2.app; sourceTree = BUILT_PRODUCTS_DIR; };
		4641B9AD25C324480061340A /* Info.plist */ = {isa = PBXFileReference; lastKnownFileType = text.plist.xml; path = Info.plist; sourceTree = "<group>"; };
		4641B9B225C324480061340A /* SafetyApp2.app */ = {isa = PBXFileReference; explicitFileType = wrapper.application; includeInIndex = 0; path = SafetyApp2.app; sourceTree = BUILT_PRODUCTS_DIR; };
		4641B9B425C324480061340A /* Info.plist */ = {isa = PBXFileReference; lastKnownFileType = text.plist.xml; path = Info.plist; sourceTree = "<group>"; };
		4641B9B525C324480061340A /* macOS.entitlements */ = {isa = PBXFileReference; lastKnownFileType = text.plist.entitlements; path = macOS.entitlements; sourceTree = "<group>"; };
		4641B9CB25C326440061340A /* safetylocations.json */ = {isa = PBXFileReference; fileEncoding = 4; lastKnownFileType = text.json; path = safetylocations.json; sourceTree = "<group>"; };
		4641BA0325C3B41B0061340A /* SafetyLocation.swift */ = {isa = PBXFileReference; lastKnownFileType = sourcecode.swift; path = SafetyLocation.swift; sourceTree = "<group>"; };
		4641BA0825C3B4AE0061340A /* LocationStore.swift */ = {isa = PBXFileReference; lastKnownFileType = sourcecode.swift; path = LocationStore.swift; sourceTree = "<group>"; };
		4641BA1325C3B6990061340A /* LocationDetail.swift */ = {isa = PBXFileReference; lastKnownFileType = sourcecode.swift; path = LocationDetail.swift; sourceTree = "<group>"; };
		465AD08B25F1D89E004EAA78 /* HelpPage.swift */ = {isa = PBXFileReference; lastKnownFileType = sourcecode.swift; path = HelpPage.swift; sourceTree = "<group>"; };
		46A778D425CA690800E12F1B /* MapView.swift */ = {isa = PBXFileReference; lastKnownFileType = sourcecode.swift; path = MapView.swift; sourceTree = "<group>"; };
		46AA84932623F71F00212C90 /* tips.json */ = {isa = PBXFileReference; fileEncoding = 4; lastKnownFileType = text.json; path = tips.json; sourceTree = "<group>"; };
		46AA84982623F93700212C90 /* Tip.swift */ = {isa = PBXFileReference; lastKnownFileType = sourcecode.swift; path = Tip.swift; sourceTree = "<group>"; };
		46AA84A32623FF4800212C90 /* TipsStore.swift */ = {isa = PBXFileReference; lastKnownFileType = sourcecode.swift; path = TipsStore.swift; sourceTree = "<group>"; };
		46EB3EDA25F931C0001C07DA /* LocationManager.swift */ = {isa = PBXFileReference; lastKnownFileType = sourcecode.swift; path = LocationManager.swift; sourceTree = "<group>"; };
/* End PBXFileReference section */

/* Begin PBXFrameworksBuildPhase section */
		4641B9A725C324480061340A /* Frameworks */ = {
			isa = PBXFrameworksBuildPhase;
			buildActionMask = 2147483647;
			files = (
			);
			runOnlyForDeploymentPostprocessing = 0;
		};
		4641B9AF25C324480061340A /* Frameworks */ = {
			isa = PBXFrameworksBuildPhase;
			buildActionMask = 2147483647;
			files = (
			);
			runOnlyForDeploymentPostprocessing = 0;
		};
/* End PBXFrameworksBuildPhase section */

/* Begin PBXGroup section */
		4641B99D25C324400061340A = {
			isa = PBXGroup;
			children = (
				4641B9A225C324410061340A /* Shared */,
				4641B9AC25C324480061340A /* iOS */,
				4641B9B325C324480061340A /* macOS */,
				4641B9AB25C324480061340A /* Products */,
			);
			sourceTree = "<group>";
		};
		4641B9A225C324410061340A /* Shared */ = {
			isa = PBXGroup;
			children = (
				4641B9A325C324410061340A /* SafetyApp2App.swift */,
				46EB3ED925F931AD001C07DA /* Managers */,
				4641B9C625C324830061340A /* Model */,
				4641B9C725C324900061340A /* Views */,
				4641B9A525C324480061340A /* Assets.xcassets */,
			);
			path = Shared;
			sourceTree = "<group>";
		};
		4641B9AB25C324480061340A /* Products */ = {
			isa = PBXGroup;
			children = (
				4641B9AA25C324480061340A /* SafetyApp2.app */,
				4641B9B225C324480061340A /* SafetyApp2.app */,
			);
			name = Products;
			sourceTree = "<group>";
		};
		4641B9AC25C324480061340A /* iOS */ = {
			isa = PBXGroup;
			children = (
				4641B9AD25C324480061340A /* Info.plist */,
			);
			path = iOS;
			sourceTree = "<group>";
		};
		4641B9B325C324480061340A /* macOS */ = {
			isa = PBXGroup;
			children = (
				4641B9B425C324480061340A /* Info.plist */,
				4641B9B525C324480061340A /* macOS.entitlements */,
			);
			path = macOS;
			sourceTree = "<group>";
		};
		4641B9C625C324830061340A /* Model */ = {
			isa = PBXGroup;
			children = (
				46AA84932623F71F00212C90 /* tips.json */,
				4641B9CB25C326440061340A /* safetylocations.json */,
				4641BA0325C3B41B0061340A /* SafetyLocation.swift */,
				4641BA0825C3B4AE0061340A /* LocationStore.swift */,
				46AA84982623F93700212C90 /* Tip.swift */,
				46AA84A32623FF4800212C90 /* TipsStore.swift */,
			);
			path = Model;
			sourceTree = "<group>";
		};
		4641B9C725C324900061340A /* Views */ = {
			isa = PBXGroup;
			children = (
				4641BA1325C3B6990061340A /* LocationDetail.swift */,
				46A778D425CA690800E12F1B /* MapView.swift */,
				465AD08B25F1D89E004EAA78 /* HelpPage.swift */,
			);
			path = Views;
			sourceTree = "<group>";
		};
		46EB3ED925F931AD001C07DA /* Managers */ = {
			isa = PBXGroup;
			children = (
				46EB3EDA25F931C0001C07DA /* LocationManager.swift */,
			);
			path = Managers;
			sourceTree = "<group>";
		};
/* End PBXGroup section */

/* Begin PBXNativeTarget section */
		4641B9A925C324480061340A /* SafetyApp2 (iOS) */ = {
			isa = PBXNativeTarget;
			buildConfigurationList = 4641B9BE25C324480061340A /* Build configuration list for PBXNativeTarget "SafetyApp2 (iOS)" */;
			buildPhases = (
				4641B9A625C324480061340A /* Sources */,
				4641B9A725C324480061340A /* Frameworks */,
				4641B9A825C324480061340A /* Resources */,
			);
			buildRules = (
			);
			dependencies = (
			);
			name = "SafetyApp2 (iOS)";
			productName = "SafetyApp2 (iOS)";
			productReference = 4641B9AA25C324480061340A /* SafetyApp2.app */;
			productType = "com.apple.product-type.application";
		};
		4641B9B125C324480061340A /* SafetyApp2 (macOS) */ = {
			isa = PBXNativeTarget;
			buildConfigurationList = 4641B9C125C324480061340A /* Build configuration list for PBXNativeTarget "SafetyApp2 (macOS)" */;
			buildPhases = (
				4641B9AE25C324480061340A /* Sources */,
				4641B9AF25C324480061340A /* Frameworks */,
				4641B9B025C324480061340A /* Resources */,
			);
			buildRules = (
			);
			dependencies = (
			);
			name = "SafetyApp2 (macOS)";
			productName = "SafetyApp2 (macOS)";
			productReference = 4641B9B225C324480061340A /* SafetyApp2.app */;
			productType = "com.apple.product-type.application";
		};
/* End PBXNativeTarget section */

/* Begin PBXProject section */
		4641B99E25C324400061340A /* Project object */ = {
			isa = PBXProject;
			attributes = {
				LastSwiftUpdateCheck = 1230;
				LastUpgradeCheck = 1240;
				TargetAttributes = {
					4641B9A925C324480061340A = {
						CreatedOnToolsVersion = 12.3;
					};
					4641B9B125C324480061340A = {
						CreatedOnToolsVersion = 12.3;
					};
				};
			};
			buildConfigurationList = 4641B9A125C324400061340A /* Build configuration list for PBXProject "SafetyApp2" */;
			compatibilityVersion = "Xcode 9.3";
			developmentRegion = en;
			hasScannedForEncodings = 0;
			knownRegions = (
				en,
				Base,
			);
			mainGroup = 4641B99D25C324400061340A;
			productRefGroup = 4641B9AB25C324480061340A /* Products */;
			projectDirPath = "";
			projectRoot = "";
			targets = (
				4641B9A925C324480061340A /* SafetyApp2 (iOS) */,
				4641B9B125C324480061340A /* SafetyApp2 (macOS) */,
			);
		};
/* End PBXProject section */

/* Begin PBXResourcesBuildPhase section */
		4641B9A825C324480061340A /* Resources */ = {
			isa = PBXResourcesBuildPhase;
			buildActionMask = 2147483647;
			files = (
				4641B9CC25C326440061340A /* safetylocations.json in Resources */,
				4641B9BA25C324480061340A /* Assets.xcassets in Resources */,
				46AA84942623F71F00212C90 /* tips.json in Resources */,
			);
			runOnlyForDeploymentPostprocessing = 0;
		};
		4641B9B025C324480061340A /* Resources */ = {
			isa = PBXResourcesBuildPhase;
			buildActionMask = 2147483647;
			files = (
				4641B9CD25C326440061340A /* safetylocations.json in Resources */,
				4641B9BB25C324480061340A /* Assets.xcassets in Resources */,
				46AA84952623F71F00212C90 /* tips.json in Resources */,
			);
			runOnlyForDeploymentPostprocessing = 0;
		};
/* End PBXResourcesBuildPhase section */

/* Begin PBXSourcesBuildPhase section */
		4641B9A625C324480061340A /* Sources */ = {
			isa = PBXSourcesBuildPhase;
			buildActionMask = 2147483647;
			files = (
				4641BA0425C3B41C0061340A /* SafetyLocation.swift in Sources */,
				46AA84A42623FF4800212C90 /* TipsStore.swift in Sources */,
				46AA84992623F93700212C90 /* Tip.swift in Sources */,
				4641BA0925C3B4AE0061340A /* LocationStore.swift in Sources */,
				46EB3EDB25F931C0001C07DA /* LocationManager.swift in Sources */,
				46A778D525CA690800E12F1B /* MapView.swift in Sources */,
				4641BA1425C3B6990061340A /* LocationDetail.swift in Sources */,
				4641B9B625C324480061340A /* SafetyApp2App.swift in Sources */,
				465AD08C25F1D89E004EAA78 /* HelpPage.swift in Sources */,
			);
			runOnlyForDeploymentPostprocessing = 0;
		};
		4641B9AE25C324480061340A /* Sources */ = {
			isa = PBXSourcesBuildPhase;
			buildActionMask = 2147483647;
			files = (
				4641BA0525C3B41C0061340A /* SafetyLocation.swift in Sources */,
				46AA84A52623FF4800212C90 /* TipsStore.swift in Sources */,
				46AA849A2623F93700212C90 /* Tip.swift in Sources */,
				4641BA0A25C3B4AE0061340A /* LocationStore.swift in Sources */,
				46EB3EDC25F931C0001C07DA /* LocationManager.swift in Sources */,
				46A778D625CA690800E12F1B /* MapView.swift in Sources */,
				4641BA1525C3B6990061340A /* LocationDetail.swift in Sources */,
				4641B9B725C324480061340A /* SafetyApp2App.swift in Sources */,
				465AD08D25F1D89E004EAA78 /* HelpPage.swift in Sources */,
			);
			runOnlyForDeploymentPostprocessing = 0;
		};
/* End PBXSourcesBuildPhase section */

/* Begin XCBuildConfiguration section */
		4641B9BC25C324480061340A /* Debug */ = {
			isa = XCBuildConfiguration;
			buildSettings = {
				ALWAYS_SEARCH_USER_PATHS = NO;
				CLANG_ANALYZER_NONNULL = YES;
				CLANG_ANALYZER_NUMBER_OBJECT_CONVERSION = YES_AGGRESSIVE;
				CLANG_CXX_LANGUAGE_STANDARD = "gnu++14";
				CLANG_CXX_LIBRARY = "libc++";
				CLANG_ENABLE_MODULES = YES;
				CLANG_ENABLE_OBJC_ARC = YES;
				CLANG_ENABLE_OBJC_WEAK = YES;
				CLANG_WARN_BLOCK_CAPTURE_AUTORELEASING = YES;
				CLANG_WARN_BOOL_CONVERSION = YES;
				CLANG_WARN_COMMA = YES;
				CLANG_WARN_CONSTANT_CONVERSION = YES;
				CLANG_WARN_DEPRECATED_OBJC_IMPLEMENTATIONS = YES;
				CLANG_WARN_DIRECT_OBJC_ISA_USAGE = YES_ERROR;
				CLANG_WARN_DOCUMENTATION_COMMENTS = YES;
				CLANG_WARN_EMPTY_BODY = YES;
				CLANG_WARN_ENUM_CONVERSION = YES;
				CLANG_WARN_INFINITE_RECURSION = YES;
				CLANG_WARN_INT_CONVERSION = YES;
				CLANG_WARN_NON_LITERAL_NULL_CONVERSION = YES;
				CLANG_WARN_OBJC_IMPLICIT_RETAIN_SELF = YES;
				CLANG_WARN_OBJC_LITERAL_CONVERSION = YES;
				CLANG_WARN_OBJC_ROOT_CLASS = YES_ERROR;
				CLANG_WARN_QUOTED_INCLUDE_IN_FRAMEWORK_HEADER = YES;
				CLANG_WARN_RANGE_LOOP_ANALYSIS = YES;
				CLANG_WARN_STRICT_PROTOTYPES = YES;
				CLANG_WARN_SUSPICIOUS_MOVE = YES;
				CLANG_WARN_UNGUARDED_AVAILABILITY = YES_AGGRESSIVE;
				CLANG_WARN_UNREACHABLE_CODE = YES;
				CLANG_WARN__DUPLICATE_METHOD_MATCH = YES;
				COPY_PHASE_STRIP = NO;
				DEBUG_INFORMATION_FORMAT = dwarf;
				ENABLE_STRICT_OBJC_MSGSEND = YES;
				ENABLE_TESTABILITY = YES;
				GCC_C_LANGUAGE_STANDARD = gnu11;
				GCC_DYNAMIC_NO_PIC = NO;
				GCC_NO_COMMON_BLOCKS = YES;
				GCC_OPTIMIZATION_LEVEL = 0;
				GCC_PREPROCESSOR_DEFINITIONS = (
					"DEBUG=1",
					"$(inherited)",
				);
				GCC_WARN_64_TO_32_BIT_CONVERSION = YES;
				GCC_WARN_ABOUT_RETURN_TYPE = YES_ERROR;
				GCC_WARN_UNDECLARED_SELECTOR = YES;
				GCC_WARN_UNINITIALIZED_AUTOS = YES_AGGRESSIVE;
				GCC_WARN_UNUSED_FUNCTION = YES;
				GCC_WARN_UNUSED_VARIABLE = YES;
				MTL_ENABLE_DEBUG_INFO = INCLUDE_SOURCE;
				MTL_FAST_MATH = YES;
				ONLY_ACTIVE_ARCH = YES;
				SWIFT_ACTIVE_COMPILATION_CONDITIONS = DEBUG;
				SWIFT_OPTIMIZATION_LEVEL = "-Onone";
			};
			name = Debug;
		};
		4641B9BD25C324480061340A /* Release */ = {
			isa = XCBuildConfiguration;
			buildSettings = {
				ALWAYS_SEARCH_USER_PATHS = NO;
				CLANG_ANALYZER_NONNULL = YES;
				CLANG_ANALYZER_NUMBER_OBJECT_CONVERSION = YES_AGGRESSIVE;
				CLANG_CXX_LANGUAGE_STANDARD = "gnu++14";
				CLANG_CXX_LIBRARY = "libc++";
				CLANG_ENABLE_MODULES = YES;
				CLANG_ENABLE_OBJC_ARC = YES;
				CLANG_ENABLE_OBJC_WEAK = YES;
				CLANG_WARN_BLOCK_CAPTURE_AUTORELEASING = YES;
				CLANG_WARN_BOOL_CONVERSION = YES;
				CLANG_WARN_COMMA = YES;
				CLANG_WARN_CONSTANT_CONVERSION = YES;
				CLANG_WARN_DEPRECATED_OBJC_IMPLEMENTATIONS = YES;
				CLANG_WARN_DIRECT_OBJC_ISA_USAGE = YES_ERROR;
				CLANG_WARN_DOCUMENTATION_COMMENTS = YES;
				CLANG_WARN_EMPTY_BODY = YES;
				CLANG_WARN_ENUM_CONVERSION = YES;
				CLANG_WARN_INFINITE_RECURSION = YES;
				CLANG_WARN_INT_CONVERSION = YES;
				CLANG_WARN_NON_LITERAL_NULL_CONVERSION = YES;
				CLANG_WARN_OBJC_IMPLICIT_RETAIN_SELF = YES;
				CLANG_WARN_OBJC_LITERAL_CONVERSION = YES;
				CLANG_WARN_OBJC_ROOT_CLASS = YES_ERROR;
				CLANG_WARN_QUOTED_INCLUDE_IN_FRAMEWORK_HEADER = YES;
				CLANG_WARN_RANGE_LOOP_ANALYSIS = YES;
				CLANG_WARN_STRICT_PROTOTYPES = YES;
				CLANG_WARN_SUSPICIOUS_MOVE = YES;
				CLANG_WARN_UNGUARDED_AVAILABILITY = YES_AGGRESSIVE;
				CLANG_WARN_UNREACHABLE_CODE = YES;
				CLANG_WARN__DUPLICATE_METHOD_MATCH = YES;
				COPY_PHASE_STRIP = NO;
				DEBUG_INFORMATION_FORMAT = "dwarf-with-dsym";
				ENABLE_NS_ASSERTIONS = NO;
				ENABLE_STRICT_OBJC_MSGSEND = YES;
				GCC_C_LANGUAGE_STANDARD = gnu11;
				GCC_NO_COMMON_BLOCKS = YES;
				GCC_WARN_64_TO_32_BIT_CONVERSION = YES;
				GCC_WARN_ABOUT_RETURN_TYPE = YES_ERROR;
				GCC_WARN_UNDECLARED_SELECTOR = YES;
				GCC_WARN_UNINITIALIZED_AUTOS = YES_AGGRESSIVE;
				GCC_WARN_UNUSED_FUNCTION = YES;
				GCC_WARN_UNUSED_VARIABLE = YES;
				MTL_ENABLE_DEBUG_INFO = NO;
				MTL_FAST_MATH = YES;
				SWIFT_COMPILATION_MODE = wholemodule;
				SWIFT_OPTIMIZATION_LEVEL = "-O";
			};
			name = Release;
		};
		4641B9BF25C324480061340A /* Debug */ = {
			isa = XCBuildConfiguration;
			buildSettings = {
				ASSETCATALOG_COMPILER_APPICON_NAME = AppIcon;
				ASSETCATALOG_COMPILER_GLOBAL_ACCENT_COLOR_NAME = AccentColor;
				CODE_SIGN_STYLE = Automatic;
				DEVELOPMENT_TEAM = 4Z8K5J6R48;
				ENABLE_PREVIEWS = YES;
				INFOPLIST_FILE = iOS/Info.plist;
				IPHONEOS_DEPLOYMENT_TARGET = 14.0;
				LD_RUNPATH_SEARCH_PATHS = (
					"$(inherited)",
					"@executable_path/Frameworks",
				);
				PRODUCT_BUNDLE_IDENTIFIER = ca.liu.nicole.SafetyApp2;
				PRODUCT_NAME = SafetyApp2;
				SDKROOT = iphoneos;
				SWIFT_VERSION = 5.0;
				TARGETED_DEVICE_FAMILY = "1,2";
			};
			name = Debug;
		};
		4641B9C025C324480061340A /* Release */ = {
			isa = XCBuildConfiguration;
			buildSettings = {
				ASSETCATALOG_COMPILER_APPICON_NAME = AppIcon;
				ASSETCATALOG_COMPILER_GLOBAL_ACCENT_COLOR_NAME = AccentColor;
				CODE_SIGN_STYLE = Automatic;
				DEVELOPMENT_TEAM = 4Z8K5J6R48;
				ENABLE_PREVIEWS = YES;
				INFOPLIST_FILE = iOS/Info.plist;
				IPHONEOS_DEPLOYMENT_TARGET = 14.0;
				LD_RUNPATH_SEARCH_PATHS = (
					"$(inherited)",
					"@executable_path/Frameworks",
				);
				PRODUCT_BUNDLE_IDENTIFIER = ca.liu.nicole.SafetyApp2;
				PRODUCT_NAME = SafetyApp2;
				SDKROOT = iphoneos;
				SWIFT_VERSION = 5.0;
				TARGETED_DEVICE_FAMILY = "1,2";
				VALIDATE_PRODUCT = YES;
			};
			name = Release;
		};
		4641B9C225C324480061340A /* Debug */ = {
			isa = XCBuildConfiguration;
			buildSettings = {
				ASSETCATALOG_COMPILER_APPICON_NAME = AppIcon;
				ASSETCATALOG_COMPILER_GLOBAL_ACCENT_COLOR_NAME = AccentColor;
				CODE_SIGN_ENTITLEMENTS = macOS/macOS.entitlements;
				CODE_SIGN_IDENTITY = "-";
				CODE_SIGN_STYLE = Automatic;
				COMBINE_HIDPI_IMAGES = YES;
				DEVELOPMENT_TEAM = 4Z8K5J6R48;
				ENABLE_HARDENED_RUNTIME = YES;
				ENABLE_PREVIEWS = YES;
				INFOPLIST_FILE = macOS/Info.plist;
				LD_RUNPATH_SEARCH_PATHS = (
					"$(inherited)",
					"@executable_path/../Frameworks",
				);
				MACOSX_DEPLOYMENT_TARGET = 11.0;
				PRODUCT_BUNDLE_IDENTIFIER = ca.liu.nicole.SafetyApp2;
				PRODUCT_NAME = SafetyApp2;
				SDKROOT = macosx;
				SWIFT_VERSION = 5.0;
			};
			name = Debug;
		};
		4641B9C325C324480061340A /* Release */ = {
			isa = XCBuildConfiguration;
			buildSettings = {
				ASSETCATALOG_COMPILER_APPICON_NAME = AppIcon;
				ASSETCATALOG_COMPILER_GLOBAL_ACCENT_COLOR_NAME = AccentColor;
				CODE_SIGN_ENTITLEMENTS = macOS/macOS.entitlements;
				CODE_SIGN_IDENTITY = "-";
				CODE_SIGN_STYLE = Automatic;
				COMBINE_HIDPI_IMAGES = YES;
				DEVELOPMENT_TEAM = 4Z8K5J6R48;
				ENABLE_HARDENED_RUNTIME = YES;
				ENABLE_PREVIEWS = YES;
				INFOPLIST_FILE = macOS/Info.plist;
				LD_RUNPATH_SEARCH_PATHS = (
					"$(inherited)",
					"@executable_path/../Frameworks",
				);
				MACOSX_DEPLOYMENT_TARGET = 11.0;
				PRODUCT_BUNDLE_IDENTIFIER = ca.liu.nicole.SafetyApp2;
				PRODUCT_NAME = SafetyApp2;
				SDKROOT = macosx;
				SWIFT_VERSION = 5.0;
			};
			name = Release;
		};
/* End XCBuildConfiguration section */

/* Begin XCConfigurationList section */
		4641B9A125C324400061340A /* Build configuration list for PBXProject "SafetyApp2" */ = {
			isa = XCConfigurationList;
			buildConfigurations = (
				4641B9BC25C324480061340A /* Debug */,
				4641B9BD25C324480061340A /* Release */,
			);
			defaultConfigurationIsVisible = 0;
			defaultConfigurationName = Release;
		};
		4641B9BE25C324480061340A /* Build configuration list for PBXNativeTarget "SafetyApp2 (iOS)" */ = {
			isa = XCConfigurationList;
			buildConfigurations = (
				4641B9BF25C324480061340A /* Debug */,
				4641B9C025C324480061340A /* Release */,
			);
			defaultConfigurationIsVisible = 0;
			defaultConfigurationName = Release;
		};
		4641B9C125C324480061340A /* Build configuration list for PBXNativeTarget "SafetyApp2 (macOS)" */ = {
			isa = XCConfigurationList;
			buildConfigurations = (
				4641B9C225C324480061340A /* Debug */,
				4641B9C325C324480061340A /* Release */,
			);
			defaultConfigurationIsVisible = 0;
			defaultConfigurationName = Release;
		};
/* End XCConfigurationList section */
	};
	rootObject = 4641B99E25C324400061340A /* Project object */;
}
